
Microsoft Visual Studio Solution File, Format Version 12.00
# Visual Studio Version 16
VisualStudioVersion = 25.0.1706.14
MinimumVisualStudioVersion = 10.0.40219.1
Project("{FAE04EC0-301F-11D3-BF4B-00C04F79EFBC}") = "CK", "CK.csproj", "{897E8823-41C2-4519-B50C-5D2C95DD516A}"
EndProject
Global
	GlobalSection(SolutionConfigurationPlatforms) = preSolution
		Debug|Any CPU = Debug|Any CPU
		Release|Any CPU = Release|Any CPU
	EndGlobalSection
	GlobalSection(ProjectConfigurationPlatforms) = postSolution
		{897E8823-41C2-4519-B50C-5D2C95DD516A}.Debug|Any CPU.ActiveCfg = Debug|Any CPU
		{897E8823-41C2-4519-B50C-5D2C95DD516A}.Debug|Any CPU.Build.0 = Debug|Any CPU
		{897E8823-41C2-4519-B50C-5D2C95DD516A}.Release|Any CPU.ActiveCfg = Release|Any CPU
		{897E8823-41C2-4519-B50C-5D2C95DD516A}.Release|Any CPU.Build.0 = Release|Any CPU
	EndGlobalSection
	GlobalSection(SolutionProperties) = preSolution
		HideSolutionNode = FALSE
	EndGlobalSection
	GlobalSection(ExtensibilityGlobals) = postSolution
		SolutionGuid = {68F6509D-9FB1-45E1-8B6E-67FE437DE6E0}
	EndGlobalSection
EndGlobal
